
Microsoft Visual Studio Solution File, Format Version 12.00
# Visual Studio Version 16
VisualStudioVersion = 16.0.30804.86
MinimumVisualStudioVersion = 10.0.40219.1
Project("{FAE04EC0-301F-11D3-BF4B-00C04F79EFBC}") = "UranusApplication", "UranusApplication\UranusApplication.csproj", "{A1FA265C-8604-41D2-ADB5-D6E3E0ED36FF}"
EndProject
Project("{FAE04EC0-301F-11D3-BF4B-00C04F79EFBC}") = "UranusApplication.DataAccess", "UranusApplication.DataAccess\UranusApplication.DataAccess.csproj", "{2CF7D727-6CB4-4C99-BBBB-5FE1FD1B29C2}"
EndProject
Global
	GlobalSection(SolutionConfigurationPlatforms) = preSolution
		Debug|Any CPU = Debug|Any CPU
		Release|Any CPU = Release|Any CPU
	EndGlobalSection
	GlobalSection(ProjectConfigurationPlatforms) = postSolution
		{A1FA265C-8604-41D2-ADB5-D6E3E0ED36FF}.Debug|Any CPU.ActiveCfg = Debug|Any CPU
		{A1FA265C-8604-41D2-ADB5-D6E3E0ED36FF}.Debug|Any CPU.Build.0 = Debug|Any CPU
		{A1FA265C-8604-41D2-ADB5-D6E3E0ED36FF}.Release|Any CPU.ActiveCfg = Release|Any CPU
		{A1FA265C-8604-41D2-ADB5-D6E3E0ED36FF}.Release|Any CPU.Build.0 = Release|Any CPU
		{2CF7D727-6CB4-4C99-BBBB-5FE1FD1B29C2}.Debug|Any CPU.ActiveCfg = Debug|Any CPU
		{2CF7D727-6CB4-4C99-BBBB-5FE1FD1B29C2}.Debug|Any CPU.Build.0 = Debug|Any CPU
		{2CF7D727-6CB4-4C99-BBBB-5FE1FD1B29C2}.Release|Any CPU.ActiveCfg = Release|Any CPU
		{2CF7D727-6CB4-4C99-BBBB-5FE1FD1B29C2}.Release|Any CPU.Build.0 = Release|Any CPU
	EndGlobalSection
	GlobalSection(SolutionProperties) = preSolution
		HideSolutionNode = FALSE
	EndGlobalSection
	GlobalSection(ExtensibilityGlobals) = postSolution
		SolutionGuid = {C37DA3BE-452B-4D2E-891B-39E2297A4375}
	EndGlobalSection
EndGlobal
